
Microsoft Visual Studio Solution File, Format Version 12.00
# Visual Studio 15
VisualStudioVersion = 15.0.28010.2019
MinimumVisualStudioVersion = 10.0.40219.1
Project("{FAE04EC0-301F-11D3-BF4B-00C04F79EFBC}") = "MissingPieces", "MissingPieces\MissingPieces.csproj", "{9F11A994-0CC6-4982-963B-1255D2F82B2F}"
EndProject
Project("{FAE04EC0-301F-11D3-BF4B-00C04F79EFBC}") = "MissingPieces.Tests", "MissingPieces.Tests\MissingPieces.Tests.csproj", "{43A2FE6F-B997-4295-BBD2-B0BBC1861194}"
EndProject
Global
	GlobalSection(SolutionConfigurationPlatforms) = preSolution
		Debug|Any CPU = Debug|Any CPU
		Release|Any CPU = Release|Any CPU
	EndGlobalSection
	GlobalSection(ProjectConfigurationPlatforms) = postSolution
		{9F11A994-0CC6-4982-963B-1255D2F82B2F}.Debug|Any CPU.ActiveCfg = Debug|Any CPU
		{9F11A994-0CC6-4982-963B-1255D2F82B2F}.Debug|Any CPU.Build.0 = Debug|Any CPU
		{9F11A994-0CC6-4982-963B-1255D2F82B2F}.Release|Any CPU.ActiveCfg = Release|Any CPU
		{9F11A994-0CC6-4982-963B-1255D2F82B2F}.Release|Any CPU.Build.0 = Release|Any CPU
		{43A2FE6F-B997-4295-BBD2-B0BBC1861194}.Debug|Any CPU.ActiveCfg = Debug|Any CPU
		{43A2FE6F-B997-4295-BBD2-B0BBC1861194}.Debug|Any CPU.Build.0 = Debug|Any CPU
		{43A2FE6F-B997-4295-BBD2-B0BBC1861194}.Release|Any CPU.ActiveCfg = Release|Any CPU
		{43A2FE6F-B997-4295-BBD2-B0BBC1861194}.Release|Any CPU.Build.0 = Release|Any CPU
	EndGlobalSection
	GlobalSection(SolutionProperties) = preSolution
		HideSolutionNode = FALSE
	EndGlobalSection
	GlobalSection(ExtensibilityGlobals) = postSolution
		SolutionGuid = {1CE24157-AFE0-4CDF-B063-2876343F0A66}
	EndGlobalSection
EndGlobal
