
Microsoft Visual Studio Solution File, Format Version 12.00
# Visual Studio Version 16
VisualStudioVersion = 16.0.28803.452
MinimumVisualStudioVersion = 10.0.40219.1
Project("{9A19103F-16F7-4668-BE54-9A1E7A4F7556}") = "DotNext", "DotNext\DotNext.csproj", "{9F11A994-0CC6-4982-963B-1255D2F82B2F}"
EndProject
Project("{9A19103F-16F7-4668-BE54-9A1E7A4F7556}") = "DotNext.Tests", "DotNext.Tests\DotNext.Tests.csproj", "{43A2FE6F-B997-4295-BBD2-B0BBC1861194}"
EndProject
Project("{9A19103F-16F7-4668-BE54-9A1E7A4F7556}") = "DotNext.Benchmarks", "DotNext.Benchmarks\DotNext.Benchmarks.csproj", "{D8438838-088B-4559-8605-7DEAC889902C}"
EndProject
Project("{9A19103F-16F7-4668-BE54-9A1E7A4F7556}") = "DotNext.Reflection", "DotNext.Reflection\DotNext.Reflection.csproj", "{328F0106-4014-49E1-8DA0-35A37E8A0E96}"
EndProject
Project("{9A19103F-16F7-4668-BE54-9A1E7A4F7556}") = "DotNext.Unsafe", "DotNext.Unsafe\DotNext.Unsafe.csproj", "{BEFBC460-FFF8-4685-8ACF-EC37530845FB}"
EndProject
Project("{778DAE3C-4631-46EA-AA77-85C1314464D9}") = "VisualBasicElements", "VisualBasicElements\VisualBasicElements.vbproj", "{9AB8DBF7-D99B-47D8-B6B9-37F5B8D75C17}"
EndProject
Project("{9A19103F-16F7-4668-BE54-9A1E7A4F7556}") = "DotNext.Metaprogramming", "DotNext.Metaprogramming\DotNext.Metaprogramming.csproj", "{C8415985-3BC5-44EB-BDB4-551777B73AB4}"
EndProject
Project("{9A19103F-16F7-4668-BE54-9A1E7A4F7556}") = "DotNext.Threading", "DotNext.Threading\DotNext.Threading.csproj", "{956A2A3E-F151-4FA4-9932-862BC5CB2F87}"
EndProject
Project("{9A19103F-16F7-4668-BE54-9A1E7A4F7556}") = "DotNext.Net.Cluster", "cluster\DotNext.Net.Cluster\DotNext.Net.Cluster.csproj", "{89E2D94F-E278-4365-B05F-2C8BEC2F94DC}"
EndProject
Project("{9A19103F-16F7-4668-BE54-9A1E7A4F7556}") = "DotNext.AspNetCore.Cluster", "cluster\DotNext.AspNetCore.Cluster\DotNext.AspNetCore.Cluster.csproj", "{D9A4D7A3-A948-465A-B679-546411DC885D}"
EndProject
Project("{9A19103F-16F7-4668-BE54-9A1E7A4F7556}") = "RaftNode", "examples\RaftNode\RaftNode.csproj", "{EF588447-3DB4-4719-A9FB-210C21035C65}"
EndProject
Project("{2150E333-8FDC-42A3-9474-1A3956D46DE8}") = "Misc", "Misc", "{4956E982-79AA-462C-B592-E904D24EFFAE}"
EndProject
Project("{2150E333-8FDC-42A3-9474-1A3956D46DE8}") = "Cluster", "Cluster", "{511B9F61-9A94-44CB-B506-74E49E3A0B41}"
EndProject
Project("{2150E333-8FDC-42A3-9474-1A3956D46DE8}") = "Examples", "Examples", "{F8DCA620-40E7-411E-8970-85DC808B6BAF}"
EndProject
Project("{9A19103F-16F7-4668-BE54-9A1E7A4F7556}") = "DotNext.IO", "DotNext.IO\DotNext.IO.csproj", "{FA84F361-46D6-4769-9F96-3370D1CEC439}"
EndProject
Project("{2150E333-8FDC-42A3-9474-1A3956D46DE8}") = "Solution Items", "Solution Items", "{C311118A-E36F-4958-8157-B97F022981F3}"
	ProjectSection(SolutionItems) = preProject
		.editorconfig = .editorconfig
	EndProjectSection
EndProject
Project("{FAE04EC0-301F-11D3-BF4B-00C04F79EFBC}") = "HyParViewPeer", "examples\HyParViewPeer\HyParViewPeer.csproj", "{1A2FAA85-95B5-4377-B430-622DC5000C89}"
EndProject
Project("{FAE04EC0-301F-11D3-BF4B-00C04F79EFBC}") = "DotNext.MaintenanceServices", "DotNext.MaintenanceServices\DotNext.MaintenanceServices.csproj", "{73088778-30C0-4BF7-9D9A-A50E025FDDED}"
EndProject
Project("{FAE04EC0-301F-11D3-BF4B-00C04F79EFBC}") = "CommandLineAMI", "examples\CommandLineAMI\CommandLineAMI.csproj", "{39583DDE-E579-44AD-B7AF-5BB77D979E55}"
EndProject
Global
	GlobalSection(SolutionConfigurationPlatforms) = preSolution
		Bench|Any CPU = Bench|Any CPU
		Debug|Any CPU = Debug|Any CPU
		Release|Any CPU = Release|Any CPU
	EndGlobalSection
	GlobalSection(ProjectConfigurationPlatforms) = postSolution
		{9F11A994-0CC6-4982-963B-1255D2F82B2F}.Bench|Any CPU.ActiveCfg = Release|Any CPU
		{9F11A994-0CC6-4982-963B-1255D2F82B2F}.Bench|Any CPU.Build.0 = Release|Any CPU
		{9F11A994-0CC6-4982-963B-1255D2F82B2F}.Debug|Any CPU.ActiveCfg = Debug|Any CPU
		{9F11A994-0CC6-4982-963B-1255D2F82B2F}.Debug|Any CPU.Build.0 = Debug|Any CPU
		{9F11A994-0CC6-4982-963B-1255D2F82B2F}.Release|Any CPU.ActiveCfg = Release|Any CPU
		{9F11A994-0CC6-4982-963B-1255D2F82B2F}.Release|Any CPU.Build.0 = Release|Any CPU
		{43A2FE6F-B997-4295-BBD2-B0BBC1861194}.Bench|Any CPU.ActiveCfg = Release|Any CPU
		{43A2FE6F-B997-4295-BBD2-B0BBC1861194}.Bench|Any CPU.Build.0 = Release|Any CPU
		{43A2FE6F-B997-4295-BBD2-B0BBC1861194}.Debug|Any CPU.ActiveCfg = Debug|Any CPU
		{43A2FE6F-B997-4295-BBD2-B0BBC1861194}.Debug|Any CPU.Build.0 = Debug|Any CPU
		{43A2FE6F-B997-4295-BBD2-B0BBC1861194}.Release|Any CPU.ActiveCfg = Release|Any CPU
		{43A2FE6F-B997-4295-BBD2-B0BBC1861194}.Release|Any CPU.Build.0 = Release|Any CPU
		{D8438838-088B-4559-8605-7DEAC889902C}.Bench|Any CPU.ActiveCfg = Release|Any CPU
		{D8438838-088B-4559-8605-7DEAC889902C}.Bench|Any CPU.Build.0 = Release|Any CPU
		{D8438838-088B-4559-8605-7DEAC889902C}.Debug|Any CPU.ActiveCfg = Debug|Any CPU
		{D8438838-088B-4559-8605-7DEAC889902C}.Debug|Any CPU.Build.0 = Debug|Any CPU
		{D8438838-088B-4559-8605-7DEAC889902C}.Release|Any CPU.ActiveCfg = Release|Any CPU
		{D8438838-088B-4559-8605-7DEAC889902C}.Release|Any CPU.Build.0 = Release|Any CPU
		{328F0106-4014-49E1-8DA0-35A37E8A0E96}.Bench|Any CPU.ActiveCfg = Release|Any CPU
		{328F0106-4014-49E1-8DA0-35A37E8A0E96}.Bench|Any CPU.Build.0 = Release|Any CPU
		{328F0106-4014-49E1-8DA0-35A37E8A0E96}.Debug|Any CPU.ActiveCfg = Debug|Any CPU
		{328F0106-4014-49E1-8DA0-35A37E8A0E96}.Debug|Any CPU.Build.0 = Debug|Any CPU
		{328F0106-4014-49E1-8DA0-35A37E8A0E96}.Release|Any CPU.ActiveCfg = Release|Any CPU
		{328F0106-4014-49E1-8DA0-35A37E8A0E96}.Release|Any CPU.Build.0 = Release|Any CPU
		{BEFBC460-FFF8-4685-8ACF-EC37530845FB}.Bench|Any CPU.ActiveCfg = Release|Any CPU
		{BEFBC460-FFF8-4685-8ACF-EC37530845FB}.Bench|Any CPU.Build.0 = Release|Any CPU
		{BEFBC460-FFF8-4685-8ACF-EC37530845FB}.Debug|Any CPU.ActiveCfg = Debug|Any CPU
		{BEFBC460-FFF8-4685-8ACF-EC37530845FB}.Debug|Any CPU.Build.0 = Debug|Any CPU
		{BEFBC460-FFF8-4685-8ACF-EC37530845FB}.Release|Any CPU.ActiveCfg = Release|Any CPU
		{BEFBC460-FFF8-4685-8ACF-EC37530845FB}.Release|Any CPU.Build.0 = Release|Any CPU
		{9AB8DBF7-D99B-47D8-B6B9-37F5B8D75C17}.Bench|Any CPU.ActiveCfg = Release|Any CPU
		{9AB8DBF7-D99B-47D8-B6B9-37F5B8D75C17}.Bench|Any CPU.Build.0 = Release|Any CPU
		{9AB8DBF7-D99B-47D8-B6B9-37F5B8D75C17}.Debug|Any CPU.ActiveCfg = Debug|Any CPU
		{9AB8DBF7-D99B-47D8-B6B9-37F5B8D75C17}.Debug|Any CPU.Build.0 = Debug|Any CPU
		{9AB8DBF7-D99B-47D8-B6B9-37F5B8D75C17}.Release|Any CPU.ActiveCfg = Release|Any CPU
		{9AB8DBF7-D99B-47D8-B6B9-37F5B8D75C17}.Release|Any CPU.Build.0 = Release|Any CPU
		{C8415985-3BC5-44EB-BDB4-551777B73AB4}.Bench|Any CPU.ActiveCfg = Release|Any CPU
		{C8415985-3BC5-44EB-BDB4-551777B73AB4}.Bench|Any CPU.Build.0 = Release|Any CPU
		{C8415985-3BC5-44EB-BDB4-551777B73AB4}.Debug|Any CPU.ActiveCfg = Debug|Any CPU
		{C8415985-3BC5-44EB-BDB4-551777B73AB4}.Debug|Any CPU.Build.0 = Debug|Any CPU
		{C8415985-3BC5-44EB-BDB4-551777B73AB4}.Release|Any CPU.ActiveCfg = Release|Any CPU
		{C8415985-3BC5-44EB-BDB4-551777B73AB4}.Release|Any CPU.Build.0 = Release|Any CPU
		{956A2A3E-F151-4FA4-9932-862BC5CB2F87}.Bench|Any CPU.ActiveCfg = Release|Any CPU
		{956A2A3E-F151-4FA4-9932-862BC5CB2F87}.Bench|Any CPU.Build.0 = Release|Any CPU
		{956A2A3E-F151-4FA4-9932-862BC5CB2F87}.Debug|Any CPU.ActiveCfg = Debug|Any CPU
		{956A2A3E-F151-4FA4-9932-862BC5CB2F87}.Debug|Any CPU.Build.0 = Debug|Any CPU
		{956A2A3E-F151-4FA4-9932-862BC5CB2F87}.Release|Any CPU.ActiveCfg = Release|Any CPU
		{956A2A3E-F151-4FA4-9932-862BC5CB2F87}.Release|Any CPU.Build.0 = Release|Any CPU
		{89E2D94F-E278-4365-B05F-2C8BEC2F94DC}.Bench|Any CPU.ActiveCfg = Release|Any CPU
		{89E2D94F-E278-4365-B05F-2C8BEC2F94DC}.Bench|Any CPU.Build.0 = Release|Any CPU
		{89E2D94F-E278-4365-B05F-2C8BEC2F94DC}.Debug|Any CPU.ActiveCfg = Debug|Any CPU
		{89E2D94F-E278-4365-B05F-2C8BEC2F94DC}.Debug|Any CPU.Build.0 = Debug|Any CPU
		{89E2D94F-E278-4365-B05F-2C8BEC2F94DC}.Release|Any CPU.ActiveCfg = Release|Any CPU
		{89E2D94F-E278-4365-B05F-2C8BEC2F94DC}.Release|Any CPU.Build.0 = Release|Any CPU
		{D9A4D7A3-A948-465A-B679-546411DC885D}.Bench|Any CPU.ActiveCfg = Release|Any CPU
		{D9A4D7A3-A948-465A-B679-546411DC885D}.Bench|Any CPU.Build.0 = Release|Any CPU
		{D9A4D7A3-A948-465A-B679-546411DC885D}.Debug|Any CPU.ActiveCfg = Debug|Any CPU
		{D9A4D7A3-A948-465A-B679-546411DC885D}.Debug|Any CPU.Build.0 = Debug|Any CPU
		{D9A4D7A3-A948-465A-B679-546411DC885D}.Release|Any CPU.ActiveCfg = Release|Any CPU
		{D9A4D7A3-A948-465A-B679-546411DC885D}.Release|Any CPU.Build.0 = Release|Any CPU
		{EF588447-3DB4-4719-A9FB-210C21035C65}.Bench|Any CPU.ActiveCfg = Release|Any CPU
		{EF588447-3DB4-4719-A9FB-210C21035C65}.Bench|Any CPU.Build.0 = Release|Any CPU
		{EF588447-3DB4-4719-A9FB-210C21035C65}.Debug|Any CPU.ActiveCfg = Debug|Any CPU
		{EF588447-3DB4-4719-A9FB-210C21035C65}.Debug|Any CPU.Build.0 = Debug|Any CPU
		{EF588447-3DB4-4719-A9FB-210C21035C65}.Release|Any CPU.ActiveCfg = Release|Any CPU
		{EF588447-3DB4-4719-A9FB-210C21035C65}.Release|Any CPU.Build.0 = Release|Any CPU
		{FA84F361-46D6-4769-9F96-3370D1CEC439}.Bench|Any CPU.ActiveCfg = Release|Any CPU
		{FA84F361-46D6-4769-9F96-3370D1CEC439}.Bench|Any CPU.Build.0 = Release|Any CPU
		{FA84F361-46D6-4769-9F96-3370D1CEC439}.Debug|Any CPU.ActiveCfg = Debug|Any CPU
		{FA84F361-46D6-4769-9F96-3370D1CEC439}.Debug|Any CPU.Build.0 = Debug|Any CPU
		{FA84F361-46D6-4769-9F96-3370D1CEC439}.Release|Any CPU.ActiveCfg = Release|Any CPU
		{FA84F361-46D6-4769-9F96-3370D1CEC439}.Release|Any CPU.Build.0 = Release|Any CPU
		{1A2FAA85-95B5-4377-B430-622DC5000C89}.Bench|Any CPU.ActiveCfg = Debug|Any CPU
		{1A2FAA85-95B5-4377-B430-622DC5000C89}.Bench|Any CPU.Build.0 = Debug|Any CPU
		{1A2FAA85-95B5-4377-B430-622DC5000C89}.Debug|Any CPU.ActiveCfg = Debug|Any CPU
		{1A2FAA85-95B5-4377-B430-622DC5000C89}.Debug|Any CPU.Build.0 = Debug|Any CPU
		{1A2FAA85-95B5-4377-B430-622DC5000C89}.Release|Any CPU.ActiveCfg = Release|Any CPU
		{1A2FAA85-95B5-4377-B430-622DC5000C89}.Release|Any CPU.Build.0 = Release|Any CPU
		{73088778-30C0-4BF7-9D9A-A50E025FDDED}.Bench|Any CPU.ActiveCfg = Debug|Any CPU
		{73088778-30C0-4BF7-9D9A-A50E025FDDED}.Bench|Any CPU.Build.0 = Debug|Any CPU
		{73088778-30C0-4BF7-9D9A-A50E025FDDED}.Debug|Any CPU.ActiveCfg = Debug|Any CPU
		{73088778-30C0-4BF7-9D9A-A50E025FDDED}.Debug|Any CPU.Build.0 = Debug|Any CPU
		{73088778-30C0-4BF7-9D9A-A50E025FDDED}.Release|Any CPU.ActiveCfg = Release|Any CPU
		{73088778-30C0-4BF7-9D9A-A50E025FDDED}.Release|Any CPU.Build.0 = Release|Any CPU
		{39583DDE-E579-44AD-B7AF-5BB77D979E55}.Bench|Any CPU.ActiveCfg = Debug|Any CPU
		{39583DDE-E579-44AD-B7AF-5BB77D979E55}.Bench|Any CPU.Build.0 = Debug|Any CPU
		{39583DDE-E579-44AD-B7AF-5BB77D979E55}.Debug|Any CPU.ActiveCfg = Debug|Any CPU
		{39583DDE-E579-44AD-B7AF-5BB77D979E55}.Debug|Any CPU.Build.0 = Debug|Any CPU
		{39583DDE-E579-44AD-B7AF-5BB77D979E55}.Release|Any CPU.ActiveCfg = Release|Any CPU
		{39583DDE-E579-44AD-B7AF-5BB77D979E55}.Release|Any CPU.Build.0 = Release|Any CPU
	EndGlobalSection
	GlobalSection(SolutionProperties) = preSolution
		HideSolutionNode = FALSE
	EndGlobalSection
	GlobalSection(NestedProjects) = preSolution
		{43A2FE6F-B997-4295-BBD2-B0BBC1861194} = {4956E982-79AA-462C-B592-E904D24EFFAE}
		{D8438838-088B-4559-8605-7DEAC889902C} = {4956E982-79AA-462C-B592-E904D24EFFAE}
		{9AB8DBF7-D99B-47D8-B6B9-37F5B8D75C17} = {4956E982-79AA-462C-B592-E904D24EFFAE}
		{89E2D94F-E278-4365-B05F-2C8BEC2F94DC} = {511B9F61-9A94-44CB-B506-74E49E3A0B41}
		{D9A4D7A3-A948-465A-B679-546411DC885D} = {511B9F61-9A94-44CB-B506-74E49E3A0B41}
		{EF588447-3DB4-4719-A9FB-210C21035C65} = {F8DCA620-40E7-411E-8970-85DC808B6BAF}
		{1A2FAA85-95B5-4377-B430-622DC5000C89} = {F8DCA620-40E7-411E-8970-85DC808B6BAF}
		{39583DDE-E579-44AD-B7AF-5BB77D979E55} = {F8DCA620-40E7-411E-8970-85DC808B6BAF}
	EndGlobalSection
	GlobalSection(ExtensibilityGlobals) = postSolution
		SolutionGuid = {1CE24157-AFE0-4CDF-B063-2876343F0A66}
	EndGlobalSection
EndGlobal
