<Solution>
  <Configurations>
    <BuildType Name="Debug" />
    <BuildType Name="Release" />
  </Configurations>
  <Folder Name="/Cluster/">
    <Project Path="cluster/DotNext.AspNetCore.Cluster/DotNext.AspNetCore.Cluster.csproj"/>
    <Project Path="cluster/DotNext.Net.Cluster/DotNext.Net.Cluster.csproj"/>
  </Folder>
  <Folder Name="/Examples/">
    <Project Path="examples/CommandLineAMI/CommandLineAMI.csproj"/>
    <Project Path="examples/HyParViewPeer/HyParViewPeer.csproj"/>
    <Project Path="examples/RaftNode/RaftNode.csproj"/>
    <Project Path="examples/RandomAccessCacheBenchmark/RandomAccessCacheBenchmark.csproj"/>
  </Folder>
  <Folder Name="/Misc/">
    <Project Path="DotNext.Aot.Tests/DotNext.Aot.Tests.csproj"/>
    <Project Path="DotNext.Benchmarks.WAL/DotNext.Benchmarks.WAL.csproj"/>
    <Project Path="DotNext.Benchmarks/DotNext.Benchmarks.csproj"/>
    <Project Path="DotNext.Tests/DotNext.Tests.csproj"/>
  </Folder>
  <Folder Name="/Solution Items/">
    <File Path=".editorconfig" />
    <File Path="../CHANGELOG.md" />
    <File Path="../README.md" />
    <File Path="../azure-pipelines.yml" />
    <File Path="Directory.Packages.props" />
    <File Path="../global.json" />
  </Folder>
  <Project Path="DotNext.IO/DotNext.IO.csproj"/>
  <Project Path="DotNext.MaintenanceServices/DotNext.MaintenanceServices.csproj"/>
  <Project Path="DotNext.Metaprogramming/DotNext.Metaprogramming.csproj"/>
  <Project Path="DotNext.Threading/DotNext.Threading.csproj"/>
  <Project Path="DotNext.Unsafe/DotNext.Unsafe.csproj"/>
  <Project Path="DotNext/DotNext.csproj"/>
</Solution>
